<?xml version="1.0" encoding="utf-8"?>
<Project ToolsVersion="4.0" xmlns="http://schemas.microsoft.com/developer/msbuild/2003">
  <ItemGroup>
    <ClCompile Include="Source Files\_ListaDupEncadSent.c">
      <Filter>Source Files</Filter>
    </ClCompile>
    <ClCompile Include="Source Files\_ListaEncad.c">
      <Filter>Source Files</Filter>
    </ClCompile>
    <ClCompile Include="Source Files\Trabalhos\Calculadora.c">
      <Filter>Source Files</Filter>
    </ClCompile>
    <ClCompile Include="Source Files\ExerciciosFila.c">
      <Filter>Source Files</Filter>
    </ClCompile>
    <ClCompile Include="Source Files\ExerciciosLista.c">
      <Filter>Source Files</Filter>
    </ClCompile>
    <ClCompile Include="Source Files\ExerciciosPilha.c">
      <Filter>Source Files</Filter>
    </ClCompile>
    <ClCompile Include="Source Files\ExerciciosRecursao.c">
      <Filter>Source Files</Filter>
    </ClCompile>
    <ClCompile Include="Source Files\FilaEstat.c">
      <Filter>Source Files</Filter>
    </ClCompile>
    <ClCompile Include="Source Files\FilaEstatCirc.c">
      <Filter>Source Files</Filter>
    </ClCompile>
    <ClCompile Include="Source Files\Lista.c">
      <Filter>Source Files</Filter>
    </ClCompile>
    <ClCompile Include="Source Files\ListaEncad.c">
      <Filter>Source Files</Filter>
    </ClCompile>
    <ClCompile Include="Source Files\ListaDupEncadSent.c">
      <Filter>Source Files</Filter>
    </ClCompile>
    <ClCompile Include="Source Files\ListaEncadSent.c">
      <Filter>Source Files</Filter>
    </ClCompile>
    <ClCompile Include="Source Files\ListaEstat.c">
      <Filter>Source Files</Filter>
    </ClCompile>
    <ClCompile Include="Source Files\Trabalhos\Menu.c">
      <Filter>Source Files</Filter>
    </ClCompile>
    <ClCompile Include="Source Files\Trabalhos\Operacoes.c">
      <Filter>Source Files</Filter>
    </ClCompile>
    <ClCompile Include="Source Files\PilhaEstat.c">
      <Filter>Source Files</Filter>
    </ClCompile>
    <ClCompile Include="Source Files\Principal.c">
      <Filter>Source Files</Filter>
    </ClCompile>
    <ClCompile Include="Source Files\Trabalhos\Prompt.c">
      <Filter>Source Files</Filter>
    </ClCompile>
    <ClCompile Include="Source Files\TesteFila.c">
      <Filter>Source Files</Filter>
    </ClCompile>
    <ClCompile Include="Source Files\TesteLista.c">
      <Filter>Source Files</Filter>
    </ClCompile>
    <ClCompile Include="Source Files\TestePilha.c">
      <Filter>Source Files</Filter>
    </ClCompile>
  </ItemGroup>
  <ItemGroup>
    <ClInclude Include="Header Files\Trabalhos\Calculadora.h">
      <Filter>Header Files</Filter>
    </ClInclude>
    <ClInclude Include="Header Files\ConfigImpl.h">
      <Filter>Header Files</Filter>
    </ClInclude>
    <ClInclude Include="Header Files\Fila.h">
      <Filter>Header Files</Filter>
    </ClInclude>
    <ClInclude Include="Header Files\FilaEstat.h">
      <Filter>Header Files</Filter>
    </ClInclude>
    <ClInclude Include="Header Files\Lista.h">
      <Filter>Header Files</Filter>
    </ClInclude>
    <ClInclude Include="Header Files\ListaEncad.h">
      <Filter>Header Files</Filter>
    </ClInclude>
    <ClInclude Include="Header Files\ListaEstat.h">
      <Filter>Header Files</Filter>
    </ClInclude>
    <ClInclude Include="Header Files\Pilha.h">
      <Filter>Header Files</Filter>
    </ClInclude>
    <ClInclude Include="Header Files\PilhaEstat.h">
      <Filter>Header Files</Filter>
    </ClInclude>
  </ItemGroup>
  <ItemGroup>
    <Filter Include="Source Files">
      <UniqueIdentifier>{d285fa22-4401-4f86-b191-1c5248cf77dc}</UniqueIdentifier>
    </Filter>
    <Filter Include="Header Files">
      <UniqueIdentifier>{9ddf14f3-ba2b-4756-a024-08c33bf93d68}</UniqueIdentifier>
    </Filter>
  </ItemGroup>
</Project>